// !$*UTF8*$!
{
	archiveVersion = 1;
	classes = {
	};
	objectVersion = 56;
	objects = {

/* Begin PBXBuildFile section */
		130A40512982792600D585BC /* extensions.swift in Sources */ = {isa = PBXBuildFile; fileRef = 130A40502982792600D585BC /* extensions.swift */; };
		130A4053298283BB00D585BC /* Note.swift in Sources */ = {isa = PBXBuildFile; fileRef = 130A4052298283BB00D585BC /* Note.swift */; };
		1329826A29769C2D00DEB54F /* CreateCategoryVC.swift in Sources */ = {isa = PBXBuildFile; fileRef = 1329826929769C2C00DEB54F /* CreateCategoryVC.swift */; };
		1355F53F297D458000FF36DC /* FirebaseAnalytics in Frameworks */ = {isa = PBXBuildFile; productRef = 1355F53E297D458000FF36DC /* FirebaseAnalytics */; };
		1355F541297D458000FF36DC /* FirebaseFirestore in Frameworks */ = {isa = PBXBuildFile; productRef = 1355F540297D458000FF36DC /* FirebaseFirestore */; };
		1355F543297D4C1800FF36DC /* GoogleService-Info.plist in Resources */ = {isa = PBXBuildFile; fileRef = 1355F542297D4C1800FF36DC /* GoogleService-Info.plist */; };
		1355F545297D4E4E00FF36DC /* ToDoListViewModel.swift in Sources */ = {isa = PBXBuildFile; fileRef = 1355F544297D4E4E00FF36DC /* ToDoListViewModel.swift */; };
		13A374FA2977F8B300B385F2 /* NoteListVC.swift in Sources */ = {isa = PBXBuildFile; fileRef = 13A374F92977F8B300B385F2 /* NoteListVC.swift */; };
		13A374FC2978058F00B385F2 /* CreateNoteVC.swift in Sources */ = {isa = PBXBuildFile; fileRef = 13A374FB2978058F00B385F2 /* CreateNoteVC.swift */; };
		13DFCFA92972C565005030BA /* AppDelegate.swift in Sources */ = {isa = PBXBuildFile; fileRef = 13DFCFA82972C565005030BA /* AppDelegate.swift */; };
		13DFCFAB2972C565005030BA /* SceneDelegate.swift in Sources */ = {isa = PBXBuildFile; fileRef = 13DFCFAA2972C565005030BA /* SceneDelegate.swift */; };
		13DFCFAD2972C565005030BA /* ViewController.swift in Sources */ = {isa = PBXBuildFile; fileRef = 13DFCFAC2972C565005030BA /* ViewController.swift */; };
		13DFCFB02972C565005030BA /* Main.storyboard in Resources */ = {isa = PBXBuildFile; fileRef = 13DFCFAE2972C565005030BA /* Main.storyboard */; };
		13DFCFB22972C568005030BA /* Assets.xcassets in Resources */ = {isa = PBXBuildFile; fileRef = 13DFCFB12972C568005030BA /* Assets.xcassets */; };
		13DFCFB52972C568005030BA /* LaunchScreen.storyboard in Resources */ = {isa = PBXBuildFile; fileRef = 13DFCFB32972C568005030BA /* LaunchScreen.storyboard */; };
		13DFCFBE2972C87A005030BA /* CollectionViewCell.swift in Sources */ = {isa = PBXBuildFile; fileRef = 13DFCFBC2972C87A005030BA /* CollectionViewCell.swift */; };
		13DFCFC42972CC24005030BA /* Category.swift in Sources */ = {isa = PBXBuildFile; fileRef = 13DFCFC32972CC24005030BA /* Category.swift */; };
		13DFCFC72972CEC5005030BA /* SerializationTools in Frameworks */ = {isa = PBXBuildFile; productRef = 13DFCFC62972CEC5005030BA /* SerializationTools */; };
/* End PBXBuildFile section */

/* Begin PBXFileReference section */
		130A40502982792600D585BC /* extensions.swift */ = {isa = PBXFileReference; lastKnownFileType = sourcecode.swift; path = extensions.swift; sourceTree = "<group>"; };
		130A4052298283BB00D585BC /* Note.swift */ = {isa = PBXFileReference; lastKnownFileType = sourcecode.swift; path = Note.swift; sourceTree = "<group>"; };
		1329826929769C2C00DEB54F /* CreateCategoryVC.swift */ = {isa = PBXFileReference; lastKnownFileType = sourcecode.swift; path = CreateCategoryVC.swift; sourceTree = "<group>"; };
		1355F542297D4C1800FF36DC /* GoogleService-Info.plist */ = {isa = PBXFileReference; lastKnownFileType = text.plist; path = "GoogleService-Info.plist"; sourceTree = SOURCE_ROOT; };
		1355F544297D4E4E00FF36DC /* ToDoListViewModel.swift */ = {isa = PBXFileReference; lastKnownFileType = sourcecode.swift; path = ToDoListViewModel.swift; sourceTree = "<group>"; };
		13A374F92977F8B300B385F2 /* NoteListVC.swift */ = {isa = PBXFileReference; lastKnownFileType = sourcecode.swift; path = NoteListVC.swift; sourceTree = "<group>"; };
		13A374FB2978058F00B385F2 /* CreateNoteVC.swift */ = {isa = PBXFileReference; lastKnownFileType = sourcecode.swift; path = CreateNoteVC.swift; sourceTree = "<group>"; };
		13DFCFA52972C565005030BA /* MyToDoList.app */ = {isa = PBXFileReference; explicitFileType = wrapper.application; includeInIndex = 0; path = MyToDoList.app; sourceTree = BUILT_PRODUCTS_DIR; };
		13DFCFA82972C565005030BA /* AppDelegate.swift */ = {isa = PBXFileReference; lastKnownFileType = sourcecode.swift; path = AppDelegate.swift; sourceTree = "<group>"; };
		13DFCFAA2972C565005030BA /* SceneDelegate.swift */ = {isa = PBXFileReference; lastKnownFileType = sourcecode.swift; path = SceneDelegate.swift; sourceTree = "<group>"; };
		13DFCFAC2972C565005030BA /* ViewController.swift */ = {isa = PBXFileReference; lastKnownFileType = sourcecode.swift; path = ViewController.swift; sourceTree = "<group>"; };
		13DFCFAF2972C565005030BA /* Base */ = {isa = PBXFileReference; lastKnownFileType = file.storyboard; name = Base; path = Base.lproj/Main.storyboard; sourceTree = "<group>"; };
		13DFCFB12972C568005030BA /* Assets.xcassets */ = {isa = PBXFileReference; lastKnownFileType = folder.assetcatalog; path = Assets.xcassets; sourceTree = "<group>"; };
		13DFCFB42972C568005030BA /* Base */ = {isa = PBXFileReference; lastKnownFileType = file.storyboard; name = Base; path = Base.lproj/LaunchScreen.storyboard; sourceTree = "<group>"; };
		13DFCFB62972C568005030BA /* Info.plist */ = {isa = PBXFileReference; lastKnownFileType = text.plist.xml; path = Info.plist; sourceTree = "<group>"; };
		13DFCFBC2972C87A005030BA /* CollectionViewCell.swift */ = {isa = PBXFileReference; lastKnownFileType = sourcecode.swift; path = CollectionViewCell.swift; sourceTree = "<group>"; };
		13DFCFC32972CC24005030BA /* Category.swift */ = {isa = PBXFileReference; lastKnownFileType = sourcecode.swift; path = Category.swift; sourceTree = "<group>"; };
/* End PBXFileReference section */

/* Begin PBXFrameworksBuildPhase section */
		13DFCFA22972C565005030BA /* Frameworks */ = {
			isa = PBXFrameworksBuildPhase;
			buildActionMask = 2147483647;
			files = (
				1355F53F297D458000FF36DC /* FirebaseAnalytics in Frameworks */,
				13DFCFC72972CEC5005030BA /* SerializationTools in Frameworks */,
				1355F541297D458000FF36DC /* FirebaseFirestore in Frameworks */,
			);
			runOnlyForDeploymentPostprocessing = 0;
		};
/* End PBXFrameworksBuildPhase section */

/* Begin PBXGroup section */
		130A404F2982791100D585BC /* constant */ = {
			isa = PBXGroup;
			children = (
				130A40502982792600D585BC /* extensions.swift */,
			);
			path = constant;
			sourceTree = "<group>";
		};
		13DFCF9C2972C565005030BA = {
			isa = PBXGroup;
			children = (
				13DFCFA72972C565005030BA /* MyToDoList */,
				13DFCFA62972C565005030BA /* Products */,
			);
			sourceTree = "<group>";
		};
		13DFCFA62972C565005030BA /* Products */ = {
			isa = PBXGroup;
			children = (
				13DFCFA52972C565005030BA /* MyToDoList.app */,
			);
			name = Products;
			sourceTree = "<group>";
		};
		13DFCFA72972C565005030BA /* MyToDoList */ = {
			isa = PBXGroup;
			children = (
				130A404F2982791100D585BC /* constant */,
				13DFCFC12972CB95005030BA /* model */,
				13DFCFC02972CB7E005030BA /* view */,
				13DFCFC22972CBA4005030BA /* viewModel */,
				13DFCFA82972C565005030BA /* AppDelegate.swift */,
				13DFCFAE2972C565005030BA /* Main.storyboard */,
				13DFCFB12972C568005030BA /* Assets.xcassets */,
				13DFCFB32972C568005030BA /* LaunchScreen.storyboard */,
				1355F542297D4C1800FF36DC /* GoogleService-Info.plist */,
				13DFCFB62972C568005030BA /* Info.plist */,
			);
			path = MyToDoList;
			sourceTree = "<group>";
		};
		13DFCFC02972CB7E005030BA /* view */ = {
			isa = PBXGroup;
			children = (
				13DFCFAA2972C565005030BA /* SceneDelegate.swift */,
				13DFCFAC2972C565005030BA /* ViewController.swift */,
				13DFCFBC2972C87A005030BA /* CollectionViewCell.swift */,
				1329826929769C2C00DEB54F /* CreateCategoryVC.swift */,
				13A374F92977F8B300B385F2 /* NoteListVC.swift */,
				13A374FB2978058F00B385F2 /* CreateNoteVC.swift */,
			);
			path = view;
			sourceTree = "<group>";
		};
		13DFCFC12972CB95005030BA /* model */ = {
			isa = PBXGroup;
			children = (
				13DFCFC32972CC24005030BA /* Category.swift */,
				130A4052298283BB00D585BC /* Note.swift */,
			);
			path = model;
			sourceTree = "<group>";
		};
		13DFCFC22972CBA4005030BA /* viewModel */ = {
			isa = PBXGroup;
			children = (
				1355F544297D4E4E00FF36DC /* ToDoListViewModel.swift */,
			);
			path = viewModel;
			sourceTree = "<group>";
		};
/* End PBXGroup section */

/* Begin PBXNativeTarget section */
		13DFCFA42972C565005030BA /* MyToDoList */ = {
			isa = PBXNativeTarget;
			buildConfigurationList = 13DFCFB92972C568005030BA /* Build configuration list for PBXNativeTarget "MyToDoList" */;
			buildPhases = (
				13DFCFA12972C565005030BA /* Sources */,
				13DFCFA22972C565005030BA /* Frameworks */,
				13DFCFA32972C565005030BA /* Resources */,
			);
			buildRules = (
			);
			dependencies = (
			);
			name = MyToDoList;
			packageProductDependencies = (
				13DFCFC62972CEC5005030BA /* SerializationTools */,
				1355F53E297D458000FF36DC /* FirebaseAnalytics */,
				1355F540297D458000FF36DC /* FirebaseFirestore */,
			);
			productName = MyToDoList;
			productReference = 13DFCFA52972C565005030BA /* MyToDoList.app */;
			productType = "com.apple.product-type.application";
		};
/* End PBXNativeTarget section */

/* Begin PBXProject section */
		13DFCF9D2972C565005030BA /* Project object */ = {
			isa = PBXProject;
			attributes = {
				BuildIndependentTargetsInParallel = 1;
				LastSwiftUpdateCheck = 1420;
				LastUpgradeCheck = 1420;
				TargetAttributes = {
					13DFCFA42972C565005030BA = {
						CreatedOnToolsVersion = 14.2;
					};
				};
			};
			buildConfigurationList = 13DFCFA02972C565005030BA /* Build configuration list for PBXProject "MyToDoList" */;
			compatibilityVersion = "Xcode 14.0";
			developmentRegion = en;
			hasScannedForEncodings = 0;
			knownRegions = (
				en,
				Base,
			);
			mainGroup = 13DFCF9C2972C565005030BA;
			packageReferences = (
				13DFCFC52972CEC5005030BA /* XCRemoteSwiftPackageReference "Swift-SerializationTools" */,
				1355F53D297D458000FF36DC /* XCRemoteSwiftPackageReference "firebase-ios-sdk" */,
			);
			productRefGroup = 13DFCFA62972C565005030BA /* Products */;
			projectDirPath = "";
			projectRoot = "";
			targets = (
				13DFCFA42972C565005030BA /* MyToDoList */,
			);
		};
/* End PBXProject section */

/* Begin PBXResourcesBuildPhase section */
		13DFCFA32972C565005030BA /* Resources */ = {
			isa = PBXResourcesBuildPhase;
			buildActionMask = 2147483647;
			files = (
				13DFCFB52972C568005030BA /* LaunchScreen.storyboard in Resources */,
				1355F543297D4C1800FF36DC /* GoogleService-Info.plist in Resources */,
				13DFCFB22972C568005030BA /* Assets.xcassets in Resources */,
				13DFCFB02972C565005030BA /* Main.storyboard in Resources */,
			);
			runOnlyForDeploymentPostprocessing = 0;
		};
/* End PBXResourcesBuildPhase section */

/* Begin PBXSourcesBuildPhase section */
		13DFCFA12972C565005030BA /* Sources */ = {
			isa = PBXSourcesBuildPhase;
			buildActionMask = 2147483647;
			files = (
				1355F545297D4E4E00FF36DC /* ToDoListViewModel.swift in Sources */,
				13A374FC2978058F00B385F2 /* CreateNoteVC.swift in Sources */,
				13DFCFAD2972C565005030BA /* ViewController.swift in Sources */,
				13A374FA2977F8B300B385F2 /* NoteListVC.swift in Sources */,
				13DFCFC42972CC24005030BA /* Category.swift in Sources */,
				130A40512982792600D585BC /* extensions.swift in Sources */,
				13DFCFA92972C565005030BA /* AppDelegate.swift in Sources */,
				130A4053298283BB00D585BC /* Note.swift in Sources */,
				13DFCFBE2972C87A005030BA /* CollectionViewCell.swift in Sources */,
				1329826A29769C2D00DEB54F /* CreateCategoryVC.swift in Sources */,
				13DFCFAB2972C565005030BA /* SceneDelegate.swift in Sources */,
			);
			runOnlyForDeploymentPostprocessing = 0;
		};
/* End PBXSourcesBuildPhase section */

/* Begin PBXVariantGroup section */
		13DFCFAE2972C565005030BA /* Main.storyboard */ = {
			isa = PBXVariantGroup;
			children = (
				13DFCFAF2972C565005030BA /* Base */,
			);
			name = Main.storyboard;
			sourceTree = "<group>";
		};
		13DFCFB32972C568005030BA /* LaunchScreen.storyboard */ = {
			isa = PBXVariantGroup;
			children = (
				13DFCFB42972C568005030BA /* Base */,
			);
			name = LaunchScreen.storyboard;
			sourceTree = "<group>";
		};
/* End PBXVariantGroup section */

/* Begin XCBuildConfiguration section */
		13DFCFB72972C568005030BA /* Debug */ = {
			isa = XCBuildConfiguration;
			buildSettings = {
				ALWAYS_SEARCH_USER_PATHS = NO;
				CLANG_ANALYZER_NONNULL = YES;
				CLANG_ANALYZER_NUMBER_OBJECT_CONVERSION = YES_AGGRESSIVE;
				CLANG_CXX_LANGUAGE_STANDARD = "gnu++20";
				CLANG_ENABLE_MODULES = YES;
				CLANG_ENABLE_OBJC_ARC = YES;
				CLANG_ENABLE_OBJC_WEAK = YES;
				CLANG_WARN_BLOCK_CAPTURE_AUTORELEASING = YES;
				CLANG_WARN_BOOL_CONVERSION = YES;
				CLANG_WARN_COMMA = YES;
				CLANG_WARN_CONSTANT_CONVERSION = YES;
				CLANG_WARN_DEPRECATED_OBJC_IMPLEMENTATIONS = YES;
				CLANG_WARN_DIRECT_OBJC_ISA_USAGE = YES_ERROR;
				CLANG_WARN_DOCUMENTATION_COMMENTS = YES;
				CLANG_WARN_EMPTY_BODY = YES;
				CLANG_WARN_ENUM_CONVERSION = YES;
				CLANG_WARN_INFINITE_RECURSION = YES;
				CLANG_WARN_INT_CONVERSION = YES;
				CLANG_WARN_NON_LITERAL_NULL_CONVERSION = YES;
				CLANG_WARN_OBJC_IMPLICIT_RETAIN_SELF = YES;
				CLANG_WARN_OBJC_LITERAL_CONVERSION = YES;
				CLANG_WARN_OBJC_ROOT_CLASS = YES_ERROR;
				CLANG_WARN_QUOTED_INCLUDE_IN_FRAMEWORK_HEADER = YES;
				CLANG_WARN_RANGE_LOOP_ANALYSIS = YES;
				CLANG_WARN_STRICT_PROTOTYPES = YES;
				CLANG_WARN_SUSPICIOUS_MOVE = YES;
				CLANG_WARN_UNGUARDED_AVAILABILITY = YES_AGGRESSIVE;
				CLANG_WARN_UNREACHABLE_CODE = YES;
				CLANG_WARN__DUPLICATE_METHOD_MATCH = YES;
				COPY_PHASE_STRIP = NO;
				DEBUG_INFORMATION_FORMAT = dwarf;
				ENABLE_STRICT_OBJC_MSGSEND = YES;
				ENABLE_TESTABILITY = YES;
				GCC_C_LANGUAGE_STANDARD = gnu11;
				GCC_DYNAMIC_NO_PIC = NO;
				GCC_NO_COMMON_BLOCKS = YES;
				GCC_OPTIMIZATION_LEVEL = 0;
				GCC_PREPROCESSOR_DEFINITIONS = (
					"DEBUG=1",
					"$(inherited)",
				);
				GCC_WARN_64_TO_32_BIT_CONVERSION = YES;
				GCC_WARN_ABOUT_RETURN_TYPE = YES_ERROR;
				GCC_WARN_UNDECLARED_SELECTOR = YES;
				GCC_WARN_UNINITIALIZED_AUTOS = YES_AGGRESSIVE;
				GCC_WARN_UNUSED_FUNCTION = YES;
				GCC_WARN_UNUSED_VARIABLE = YES;
				IPHONEOS_DEPLOYMENT_TARGET = 16.2;
				MTL_ENABLE_DEBUG_INFO = INCLUDE_SOURCE;
				MTL_FAST_MATH = YES;
				ONLY_ACTIVE_ARCH = YES;
				SDKROOT = iphoneos;
				SWIFT_ACTIVE_COMPILATION_CONDITIONS = DEBUG;
				SWIFT_OPTIMIZATION_LEVEL = "-Onone";
			};
			name = Debug;
		};
		13DFCFB82972C568005030BA /* Release */ = {
			isa = XCBuildConfiguration;
			buildSettings = {
				ALWAYS_SEARCH_USER_PATHS = NO;
				CLANG_ANALYZER_NONNULL = YES;
				CLANG_ANALYZER_NUMBER_OBJECT_CONVERSION = YES_AGGRESSIVE;
				CLANG_CXX_LANGUAGE_STANDARD = "gnu++20";
				CLANG_ENABLE_MODULES = YES;
				CLANG_ENABLE_OBJC_ARC = YES;
				CLANG_ENABLE_OBJC_WEAK = YES;
				CLANG_WARN_BLOCK_CAPTURE_AUTORELEASING = YES;
				CLANG_WARN_BOOL_CONVERSION = YES;
				CLANG_WARN_COMMA = YES;
				CLANG_WARN_CONSTANT_CONVERSION = YES;
				CLANG_WARN_DEPRECATED_OBJC_IMPLEMENTATIONS = YES;
				CLANG_WARN_DIRECT_OBJC_ISA_USAGE = YES_ERROR;
				CLANG_WARN_DOCUMENTATION_COMMENTS = YES;
				CLANG_WARN_EMPTY_BODY = YES;
				CLANG_WARN_ENUM_CONVERSION = YES;
				CLANG_WARN_INFINITE_RECURSION = YES;
				CLANG_WARN_INT_CONVERSION = YES;
				CLANG_WARN_NON_LITERAL_NULL_CONVERSION = YES;
				CLANG_WARN_OBJC_IMPLICIT_RETAIN_SELF = YES;
				CLANG_WARN_OBJC_LITERAL_CONVERSION = YES;
				CLANG_WARN_OBJC_ROOT_CLASS = YES_ERROR;
				CLANG_WARN_QUOTED_INCLUDE_IN_FRAMEWORK_HEADER = YES;
				CLANG_WARN_RANGE_LOOP_ANALYSIS = YES;
				CLANG_WARN_STRICT_PROTOTYPES = YES;
				CLANG_WARN_SUSPICIOUS_MOVE = YES;
				CLANG_WARN_UNGUARDED_AVAILABILITY = YES_AGGRESSIVE;
				CLANG_WARN_UNREACHABLE_CODE = YES;
				CLANG_WARN__DUPLICATE_METHOD_MATCH = YES;
				COPY_PHASE_STRIP = NO;
				DEBUG_INFORMATION_FORMAT = "dwarf-with-dsym";
				ENABLE_NS_ASSERTIONS = NO;
				ENABLE_STRICT_OBJC_MSGSEND = YES;
				GCC_C_LANGUAGE_STANDARD = gnu11;
				GCC_NO_COMMON_BLOCKS = YES;
				GCC_WARN_64_TO_32_BIT_CONVERSION = YES;
				GCC_WARN_ABOUT_RETURN_TYPE = YES_ERROR;
				GCC_WARN_UNDECLARED_SELECTOR = YES;
				GCC_WARN_UNINITIALIZED_AUTOS = YES_AGGRESSIVE;
				GCC_WARN_UNUSED_FUNCTION = YES;
				GCC_WARN_UNUSED_VARIABLE = YES;
				IPHONEOS_DEPLOYMENT_TARGET = 16.2;
				MTL_ENABLE_DEBUG_INFO = NO;
				MTL_FAST_MATH = YES;
				SDKROOT = iphoneos;
				SWIFT_COMPILATION_MODE = wholemodule;
				SWIFT_OPTIMIZATION_LEVEL = "-O";
				VALIDATE_PRODUCT = YES;
			};
			name = Release;
		};
		13DFCFBA2972C568005030BA /* Debug */ = {
			isa = XCBuildConfiguration;
			buildSettings = {
				ASSETCATALOG_COMPILER_APPICON_NAME = AppIcon;
				ASSETCATALOG_COMPILER_GLOBAL_ACCENT_COLOR_NAME = AccentColor;
				CODE_SIGN_STYLE = Automatic;
				CURRENT_PROJECT_VERSION = 1;
				DEVELOPMENT_TEAM = 9Y73787R68;
				GENERATE_INFOPLIST_FILE = YES;
				INFOPLIST_FILE = MyToDoList/Info.plist;
				INFOPLIST_KEY_UIApplicationSupportsIndirectInputEvents = YES;
				INFOPLIST_KEY_UILaunchStoryboardName = LaunchScreen;
				INFOPLIST_KEY_UIMainStoryboardFile = Main;
				INFOPLIST_KEY_UISupportedInterfaceOrientations_iPad = "UIInterfaceOrientationPortrait UIInterfaceOrientationPortraitUpsideDown UIInterfaceOrientationLandscapeLeft UIInterfaceOrientationLandscapeRight";
				INFOPLIST_KEY_UISupportedInterfaceOrientations_iPhone = "UIInterfaceOrientationPortrait UIInterfaceOrientationLandscapeLeft UIInterfaceOrientationLandscapeRight";
				LD_RUNPATH_SEARCH_PATHS = (
					"$(inherited)",
					"@executable_path/Frameworks",
				);
				MARKETING_VERSION = 1.0;
				PRODUCT_BUNDLE_IDENTIFIER = com.kadirgorgun.MyToDoList;
				PRODUCT_NAME = "$(TARGET_NAME)";
				SWIFT_EMIT_LOC_STRINGS = YES;
				SWIFT_VERSION = 5.0;
				TARGETED_DEVICE_FAMILY = "1,2";
			};
			name = Debug;
		};
		13DFCFBB2972C568005030BA /* Release */ = {
			isa = XCBuildConfiguration;
			buildSettings = {
				ASSETCATALOG_COMPILER_APPICON_NAME = AppIcon;
				ASSETCATALOG_COMPILER_GLOBAL_ACCENT_COLOR_NAME = AccentColor;
				CODE_SIGN_STYLE = Automatic;
				CURRENT_PROJECT_VERSION = 1;
				DEVELOPMENT_TEAM = 9Y73787R68;
				GENERATE_INFOPLIST_FILE = YES;
				INFOPLIST_FILE = MyToDoList/Info.plist;
				INFOPLIST_KEY_UIApplicationSupportsIndirectInputEvents = YES;
				INFOPLIST_KEY_UILaunchStoryboardName = LaunchScreen;
				INFOPLIST_KEY_UIMainStoryboardFile = Main;
				INFOPLIST_KEY_UISupportedInterfaceOrientations_iPad = "UIInterfaceOrientationPortrait UIInterfaceOrientationPortraitUpsideDown UIInterfaceOrientationLandscapeLeft UIInterfaceOrientationLandscapeRight";
				INFOPLIST_KEY_UISupportedInterfaceOrientations_iPhone = "UIInterfaceOrientationPortrait UIInterfaceOrientationLandscapeLeft UIInterfaceOrientationLandscapeRight";
				LD_RUNPATH_SEARCH_PATHS = (
					"$(inherited)",
					"@executable_path/Frameworks",
				);
				MARKETING_VERSION = 1.0;
				PRODUCT_BUNDLE_IDENTIFIER = com.kadirgorgun.MyToDoList;
				PRODUCT_NAME = "$(TARGET_NAME)";
				SWIFT_EMIT_LOC_STRINGS = YES;
				SWIFT_VERSION = 5.0;
				TARGETED_DEVICE_FAMILY = "1,2";
			};
			name = Release;
		};
/* End XCBuildConfiguration section */

/* Begin XCConfigurationList section */
		13DFCFA02972C565005030BA /* Build configuration list for PBXProject "MyToDoList" */ = {
			isa = XCConfigurationList;
			buildConfigurations = (
				13DFCFB72972C568005030BA /* Debug */,
				13DFCFB82972C568005030BA /* Release */,
			);
			defaultConfigurationIsVisible = 0;
			defaultConfigurationName = Release;
		};
		13DFCFB92972C568005030BA /* Build configuration list for PBXNativeTarget "MyToDoList" */ = {
			isa = XCConfigurationList;
			buildConfigurations = (
				13DFCFBA2972C568005030BA /* Debug */,
				13DFCFBB2972C568005030BA /* Release */,
			);
			defaultConfigurationIsVisible = 0;
			defaultConfigurationName = Release;
		};
/* End XCConfigurationList section */

/* Begin XCRemoteSwiftPackageReference section */
		1355F53D297D458000FF36DC /* XCRemoteSwiftPackageReference "firebase-ios-sdk" */ = {
			isa = XCRemoteSwiftPackageReference;
			repositoryURL = "https://github.com/firebase/firebase-ios-sdk";
			requirement = {
				branch = master;
				kind = branch;
			};
		};
		13DFCFC52972CEC5005030BA /* XCRemoteSwiftPackageReference "Swift-SerializationTools" */ = {
			isa = XCRemoteSwiftPackageReference;
			repositoryURL = "https://github.com/RougeWare/Swift-SerializationTools.git";
			requirement = {
				kind = upToNextMajorVersion;
				minimumVersion = 1.0.0;
			};
		};
/* End XCRemoteSwiftPackageReference section */

/* Begin XCSwiftPackageProductDependency section */
		1355F53E297D458000FF36DC /* FirebaseAnalytics */ = {
			isa = XCSwiftPackageProductDependency;
			package = 1355F53D297D458000FF36DC /* XCRemoteSwiftPackageReference "firebase-ios-sdk" */;
			productName = FirebaseAnalytics;
		};
		1355F540297D458000FF36DC /* FirebaseFirestore */ = {
			isa = XCSwiftPackageProductDependency;
			package = 1355F53D297D458000FF36DC /* XCRemoteSwiftPackageReference "firebase-ios-sdk" */;
			productName = FirebaseFirestore;
		};
		13DFCFC62972CEC5005030BA /* SerializationTools */ = {
			isa = XCSwiftPackageProductDependency;
			package = 13DFCFC52972CEC5005030BA /* XCRemoteSwiftPackageReference "Swift-SerializationTools" */;
			productName = SerializationTools;
		};
/* End XCSwiftPackageProductDependency section */
	};
	rootObject = 13DFCF9D2972C565005030BA /* Project object */;
}
